
Microsoft Visual Studio Solution File, Format Version 12.00
# Visual Studio Version 17
VisualStudioVersion = 17.9.34607.119
MinimumVisualStudioVersion = 10.0.40219.1
Project("{FAE04EC0-301F-11D3-BF4B-00C04F79EFBC}") = "ADO", "ADO\ADO.csproj", "{EADE1D5C-4A65-4685-8FC6-E5C2C63E1884}"
EndProject
Project("{FAE04EC0-301F-11D3-BF4B-00C04F79EFBC}") = "Libery", "Libery\Libery.csproj", "{42230915-B987-4807-8256-B25092AAA1E4}"
EndProject
Project("{FAE04EC0-301F-11D3-BF4B-00C04F79EFBC}") = "ConsoleLibery", "ConsoleLibery\ConsoleLibery.csproj", "{D53B1801-24EC-41E4-A0CB-D51EB6C41BE3}"
EndProject
Project("{FAE04EC0-301F-11D3-BF4B-00C04F79EFBC}") = "Libery2", "Libery2\Libery2.csproj", "{B5F4651A-03D3-49DA-AA2C-F533DFB35ACD}"
EndProject
Project("{FAE04EC0-301F-11D3-BF4B-00C04F79EFBC}") = "Libery3", "Libery3\Libery3.csproj", "{44CBF3A3-D5DA-439E-B467-6407B0AF2113}"
EndProject
Project("{FAE04EC0-301F-11D3-BF4B-00C04F79EFBC}") = "LiberyDis", "LiberyDis\LiberyDis.csproj", "{EAE83A87-EB5D-4704-9F58-0D5E5D948927}"
EndProject
Project("{FAE04EC0-301F-11D3-BF4B-00C04F79EFBC}") = "Police_base", "Police_base\Police_base.csproj", "{39DBF9E5-4F73-4F6B-A945-48963E073FCC}"
EndProject
Project("{FAE04EC0-301F-11D3-BF4B-00C04F79EFBC}") = "Academy_PD", "Academy_PD\Academy_PD.csproj", "{34BA861C-EFD7-48D4-AA2C-C1AA2721A299}"
EndProject
Global
	GlobalSection(SolutionConfigurationPlatforms) = preSolution
		Debug|Any CPU = Debug|Any CPU
		Release|Any CPU = Release|Any CPU
	EndGlobalSection
	GlobalSection(ProjectConfigurationPlatforms) = postSolution
		{EADE1D5C-4A65-4685-8FC6-E5C2C63E1884}.Debug|Any CPU.ActiveCfg = Debug|Any CPU
		{EADE1D5C-4A65-4685-8FC6-E5C2C63E1884}.Debug|Any CPU.Build.0 = Debug|Any CPU
		{EADE1D5C-4A65-4685-8FC6-E5C2C63E1884}.Release|Any CPU.ActiveCfg = Release|Any CPU
		{EADE1D5C-4A65-4685-8FC6-E5C2C63E1884}.Release|Any CPU.Build.0 = Release|Any CPU
		{42230915-B987-4807-8256-B25092AAA1E4}.Debug|Any CPU.ActiveCfg = Debug|Any CPU
		{42230915-B987-4807-8256-B25092AAA1E4}.Debug|Any CPU.Build.0 = Debug|Any CPU
		{42230915-B987-4807-8256-B25092AAA1E4}.Release|Any CPU.ActiveCfg = Release|Any CPU
		{42230915-B987-4807-8256-B25092AAA1E4}.Release|Any CPU.Build.0 = Release|Any CPU
		{D53B1801-24EC-41E4-A0CB-D51EB6C41BE3}.Debug|Any CPU.ActiveCfg = Debug|Any CPU
		{D53B1801-24EC-41E4-A0CB-D51EB6C41BE3}.Debug|Any CPU.Build.0 = Debug|Any CPU
		{D53B1801-24EC-41E4-A0CB-D51EB6C41BE3}.Release|Any CPU.ActiveCfg = Release|Any CPU
		{D53B1801-24EC-41E4-A0CB-D51EB6C41BE3}.Release|Any CPU.Build.0 = Release|Any CPU
		{B5F4651A-03D3-49DA-AA2C-F533DFB35ACD}.Debug|Any CPU.ActiveCfg = Debug|Any CPU
		{B5F4651A-03D3-49DA-AA2C-F533DFB35ACD}.Debug|Any CPU.Build.0 = Debug|Any CPU
		{B5F4651A-03D3-49DA-AA2C-F533DFB35ACD}.Release|Any CPU.ActiveCfg = Release|Any CPU
		{B5F4651A-03D3-49DA-AA2C-F533DFB35ACD}.Release|Any CPU.Build.0 = Release|Any CPU
		{44CBF3A3-D5DA-439E-B467-6407B0AF2113}.Debug|Any CPU.ActiveCfg = Debug|Any CPU
		{44CBF3A3-D5DA-439E-B467-6407B0AF2113}.Debug|Any CPU.Build.0 = Debug|Any CPU
		{44CBF3A3-D5DA-439E-B467-6407B0AF2113}.Release|Any CPU.ActiveCfg = Release|Any CPU
		{44CBF3A3-D5DA-439E-B467-6407B0AF2113}.Release|Any CPU.Build.0 = Release|Any CPU
		{EAE83A87-EB5D-4704-9F58-0D5E5D948927}.Debug|Any CPU.ActiveCfg = Debug|Any CPU
		{EAE83A87-EB5D-4704-9F58-0D5E5D948927}.Debug|Any CPU.Build.0 = Debug|Any CPU
		{EAE83A87-EB5D-4704-9F58-0D5E5D948927}.Release|Any CPU.ActiveCfg = Release|Any CPU
		{EAE83A87-EB5D-4704-9F58-0D5E5D948927}.Release|Any CPU.Build.0 = Release|Any CPU
		{39DBF9E5-4F73-4F6B-A945-48963E073FCC}.Debug|Any CPU.ActiveCfg = Debug|Any CPU
		{39DBF9E5-4F73-4F6B-A945-48963E073FCC}.Debug|Any CPU.Build.0 = Debug|Any CPU
		{39DBF9E5-4F73-4F6B-A945-48963E073FCC}.Release|Any CPU.ActiveCfg = Release|Any CPU
		{39DBF9E5-4F73-4F6B-A945-48963E073FCC}.Release|Any CPU.Build.0 = Release|Any CPU
		{34BA861C-EFD7-48D4-AA2C-C1AA2721A299}.Debug|Any CPU.ActiveCfg = Debug|Any CPU
		{34BA861C-EFD7-48D4-AA2C-C1AA2721A299}.Debug|Any CPU.Build.0 = Debug|Any CPU
		{34BA861C-EFD7-48D4-AA2C-C1AA2721A299}.Release|Any CPU.ActiveCfg = Release|Any CPU
		{34BA861C-EFD7-48D4-AA2C-C1AA2721A299}.Release|Any CPU.Build.0 = Release|Any CPU
	EndGlobalSection
	GlobalSection(SolutionProperties) = preSolution
		HideSolutionNode = FALSE
	EndGlobalSection
	GlobalSection(ExtensibilityGlobals) = postSolution
		SolutionGuid = {AE0E5202-BDA3-4EC6-A99A-D99EDDF14A18}
	EndGlobalSection
EndGlobal
